# This file is automatically @generated by Cargo.
# It is not intended for manual editing.
version = 4

[[package]]
name = "adler2"
version = "2.0.0"
source = "registry+https://github.com/rust-lang/crates.io-index"
checksum = "512761e0bb2578dd7380c6baaa0f4ce03e84f95e960231d1dec8bf4d7d6e2627"

[[package]]
name = "anyhow"
version = "1.0.97"
source = "registry+https://github.com/rust-lang/crates.io-index"
checksum = "dcfed56ad506cb2c684a14971b8861fdc3baaaae314b9e5f9bb532cbe3ba7a4f"

[[package]]
name = "autocfg"
version = "1.4.0"
source = "registry+https://github.com/rust-lang/crates.io-index"
checksum = "ace50bade8e6234aa140d9a2f552bbee1db4d353f69b8217bc503490fc1a9f26"

[[package]]
name = "base64"
version = "0.21.7"
source = "registry+https://github.com/rust-lang/crates.io-index"
checksum = "9d297deb1925b89f2ccc13d7635fa0714f12c87adce1c75356b39ca9b7178567"

[[package]]
name = "base64"
version = "0.22.1"
source = "registry+https://github.com/rust-lang/crates.io-index"
checksum = "72b3254f16251a8381aa12e40e3c4d2f0199f8c6508fbecb9d91f575e0fbb8c6"

[[package]]
name = "base64-serde"
version = "0.7.0"
source = "registry+https://github.com/rust-lang/crates.io-index"
checksum = "ba368df5de76a5bea49aaf0cf1b39ccfbbef176924d1ba5db3e4135216cbe3c7"
dependencies = [
 "base64 0.21.7",
 "serde",
]

[[package]]
name = "bitflags"
version = "1.3.2"
source = "registry+https://github.com/rust-lang/crates.io-index"
checksum = "bef38d45163c2f1dde094a7dfd33ccf595c92905c8f8f4fdc18d06fb1037718a"

[[package]]
name = "bytemuck"
version = "1.22.0"
source = "registry+https://github.com/rust-lang/crates.io-index"
checksum = "b6b1fc10dbac614ebc03540c9dbd60e83887fda27794998c6528f1782047d540"

[[package]]
name = "byteorder"
version = "1.5.0"
source = "registry+https://github.com/rust-lang/crates.io-index"
checksum = "1fd0f2584146f6f2ef48085050886acf353beff7305ebd1ae69500e27c67f64b"

[[package]]
name = "bytes"
version = "1.10.1"
source = "registry+https://github.com/rust-lang/crates.io-index"
checksum = "d71b6127be86fdcfddb610f7182ac57211d4b18a3e9c82eb2d17662f2227ad6a"

[[package]]
name = "cfg-if"
version = "1.0.0"
source = "registry+https://github.com/rust-lang/crates.io-index"
checksum = "baf1de4339761588bc0619e3cbc0120ee582ebb74b53b4efbf79117bd2da40fd"

[[package]]
name = "crc32fast"
version = "1.4.2"
source = "registry+https://github.com/rust-lang/crates.io-index"
checksum = "a97769d94ddab943e4510d138150169a2758b5ef3eb191a9ee688de3e23ef7b3"
dependencies = [
 "cfg-if",
]

[[package]]
name = "either"
version = "1.15.0"
source = "registry+https://github.com/rust-lang/crates.io-index"
checksum = "48c757948c5ede0e46177b7add2e67155f70e33c07fea8284df6576da70b3719"

[[package]]
name = "equivalent"
version = "1.0.2"
source = "registry+https://github.com/rust-lang/crates.io-index"
checksum = "877a4ace8713b0bcf2a4e7eec82529c029f1d0619886d18145fea96c3ffe5c0f"

[[package]]
name = "extism-convert"
version = "1.10.0"
source = "registry+https://github.com/rust-lang/crates.io-index"
checksum = "6630b9ecf2628b1ef32e3f9bb888ffc17e0eed5927ba11e72e8bc06e59fa9cf6"
dependencies = [
 "anyhow",
 "base64 0.22.1",
 "bytemuck",
 "extism-convert-macros",
 "prost",
 "rmp-serde",
 "serde",
 "serde_json",
]

[[package]]
name = "extism-convert-macros"
version = "1.10.0"
source = "registry+https://github.com/rust-lang/crates.io-index"
checksum = "e030d6ea834ef4004764b4809832e7197469442e92feb7ca4307e827db7c98b8"
dependencies = [
 "manyhow",
 "proc-macro-crate",
 "proc-macro2",
 "quote",
 "syn",
]

[[package]]
name = "extism-manifest"
version = "1.10.0"
source = "registry+https://github.com/rust-lang/crates.io-index"
checksum = "65df2772243a6e44caf547142196381a4947cf390cb1252c0205d9337aa0f237"
dependencies = [
 "base64 0.22.1",
 "serde",
 "serde_json",
]

[[package]]
name = "extism-pdk"
version = "1.4.0"
source = "registry+https://github.com/rust-lang/crates.io-index"
checksum = "07c7ffaedeefc29864b8afb37b74c19c80566a0d27c7df73c0812fa108699981"
dependencies = [
 "anyhow",
 "base64 0.22.1",
 "extism-convert",
 "extism-manifest",
 "extism-pdk-derive",
 "serde",
 "serde_json",
]

[[package]]
name = "extism-pdk-derive"
version = "1.4.0"
source = "registry+https://github.com/rust-lang/crates.io-index"
checksum = "96183aea58f51ac883fe7f626c31362561564591d7bfb79d00b0a51211a0cf03"
dependencies = [
 "proc-macro2",
 "quote",
 "syn",
]

[[package]]
name = "fdeflate"
version = "0.3.7"
source = "registry+https://github.com/rust-lang/crates.io-index"
checksum = "1e6853b52649d4ac5c0bd02320cddc5ba956bdb407c4b75a2c6b75bf51500f8c"
dependencies = [
 "simd-adler32",
]

[[package]]
name = "flate2"
version = "1.1.0"
source = "registry+https://github.com/rust-lang/crates.io-index"
checksum = "11faaf5a5236997af9848be0bef4db95824b1d534ebc64d0f0c6cf3e67bd38dc"
dependencies = [
 "crc32fast",
 "miniz_oxide",
]

[[package]]
name = "hashbrown"
version = "0.15.2"
source = "registry+https://github.com/rust-lang/crates.io-index"
checksum = "bf151400ff0baff5465007dd2f3e717f3fe502074ca563069ce3a6629d07b289"

[[package]]
name = "indexmap"
version = "2.8.0"
source = "registry+https://github.com/rust-lang/crates.io-index"
checksum = "3954d50fe15b02142bf25d3b8bdadb634ec3948f103d04ffe3031bc8fe9d7058"
dependencies = [
 "equivalent",
 "hashbrown",
]

[[package]]
name = "itertools"
version = "0.14.0"
source = "registry+https://github.com/rust-lang/crates.io-index"
checksum = "2b192c782037fadd9cfa75548310488aabdbf3d2da73885b31bd0abd03351285"
dependencies = [
 "either",
]

[[package]]
name = "itoa"
version = "1.0.15"
source = "registry+https://github.com/rust-lang/crates.io-index"
checksum = "4a5f13b858c8d314ee3e8f639011f7ccefe71f97f96e50151fb991f267928e2c"

[[package]]
name = "manyhow"
version = "0.11.4"
source = "registry+https://github.com/rust-lang/crates.io-index"
checksum = "b33efb3ca6d3b07393750d4030418d594ab1139cee518f0dc88db70fec873587"
dependencies = [
 "manyhow-macros",
 "proc-macro2",
 "quote",
 "syn",
]

[[package]]
name = "manyhow-macros"
version = "0.11.4"
source = "registry+https://github.com/rust-lang/crates.io-index"
checksum = "46fce34d199b78b6e6073abf984c9cf5fd3e9330145a93ee0738a7443e371495"
dependencies = [
 "proc-macro-utils",
 "proc-macro2",
 "quote",
]

[[package]]
name = "mcp-qr-code"
version = "0.1.0"
dependencies = [
 "base64 0.21.7",
 "base64-serde",
 "extism-pdk",
 "qrcode-png",
 "serde",
 "serde_json",
]

[[package]]
name = "memchr"
version = "2.7.4"
source = "registry+https://github.com/rust-lang/crates.io-index"
checksum = "78ca9ab1a0babb1e7d5695e3530886289c18cf2f87ec19a575a0abdce112e3a3"

[[package]]
name = "miniz_oxide"
version = "0.8.5"
source = "registry+https://github.com/rust-lang/crates.io-index"
checksum = "8e3e04debbb59698c15bacbb6d93584a8c0ca9cc3213cb423d31f760d8843ce5"
dependencies = [
 "adler2",
 "simd-adler32",
]

[[package]]
name = "num-traits"
version = "0.2.19"
source = "registry+https://github.com/rust-lang/crates.io-index"
checksum = "071dfc062690e90b734c0b2273ce72ad0ffa95f0c74596bc250dcfd960262841"
dependencies = [
 "autocfg",
]

[[package]]
name = "paste"
version = "1.0.15"
source = "registry+https://github.com/rust-lang/crates.io-index"
checksum = "57c0d7b74b563b49d38dae00a0c37d4d6de9b432382b2892f0574ddcae73fd0a"

[[package]]
name = "png"
version = "0.17.16"
source = "registry+https://github.com/rust-lang/crates.io-index"
checksum = "82151a2fc869e011c153adc57cf2789ccb8d9906ce52c0b39a6b5697749d7526"
dependencies = [
 "bitflags",
 "crc32fast",
 "fdeflate",
 "flate2",
 "miniz_oxide",
]

[[package]]
name = "proc-macro-crate"
version = "3.3.0"
source = "registry+https://github.com/rust-lang/crates.io-index"
checksum = "edce586971a4dfaa28950c6f18ed55e0406c1ab88bbce2c6f6293a7aaba73d35"
dependencies = [
 "toml_edit",
]

[[package]]
name = "proc-macro-utils"
version = "0.10.0"
source = "registry+https://github.com/rust-lang/crates.io-index"
checksum = "eeaf08a13de400bc215877b5bdc088f241b12eb42f0a548d3390dc1c56bb7071"
dependencies = [
 "proc-macro2",
 "quote",
 "smallvec",
]

[[package]]
name = "proc-macro2"
version = "1.0.94"
source = "registry+https://github.com/rust-lang/crates.io-index"
checksum = "a31971752e70b8b2686d7e46ec17fb38dad4051d94024c88df49b667caea9c84"
dependencies = [
 "unicode-ident",
]

[[package]]
name = "prost"
version = "0.13.5"
source = "registry+https://github.com/rust-lang/crates.io-index"
checksum = "2796faa41db3ec313a31f7624d9286acf277b52de526150b7e69f3debf891ee5"
dependencies = [
 "bytes",
 "prost-derive",
]

[[package]]
name = "prost-derive"
version = "0.13.5"
source = "registry+https://github.com/rust-lang/crates.io-index"
checksum = "8a56d757972c98b346a9b766e3f02746cde6dd1cd1d1d563472929fdd74bec4d"
dependencies = [
 "anyhow",
 "itertools",
 "proc-macro2",
 "quote",
 "syn",
]

[[package]]
name = "qrcode-png"
version = "0.4.1"
source = "registry+https://github.com/rust-lang/crates.io-index"
checksum = "fdd9dcdfa1d1efe36631e652400969aa28fdce439a53c701e18f7a00fbb5b53d"
dependencies = [
 "png",
 "qrcodegen",
]

[[package]]
name = "qrcodegen"
version = "1.8.0"
source = "registry+https://github.com/rust-lang/crates.io-index"
checksum = "4339fc7a1021c9c1621d87f5e3505f2805c8c105420ba2f2a4df86814590c142"

[[package]]
name = "quote"
version = "1.0.40"
source = "registry+https://github.com/rust-lang/crates.io-index"
checksum = "1885c039570dc00dcb4ff087a89e185fd56bae234ddc7f056a945bf36467248d"
dependencies = [
 "proc-macro2",
]

[[package]]
name = "rmp"
version = "0.8.14"
source = "registry+https://github.com/rust-lang/crates.io-index"
checksum = "228ed7c16fa39782c3b3468e974aec2795e9089153cd08ee2e9aefb3613334c4"
dependencies = [
 "byteorder",
 "num-traits",
 "paste",
]

[[package]]
name = "rmp-serde"
version = "1.3.0"
source = "registry+https://github.com/rust-lang/crates.io-index"
checksum = "52e599a477cf9840e92f2cde9a7189e67b42c57532749bf90aea6ec10facd4db"
dependencies = [
 "byteorder",
 "rmp",
 "serde",
]

[[package]]
name = "ryu"
version = "1.0.20"
source = "registry+https://github.com/rust-lang/crates.io-index"
checksum = "28d3b2b1366ec20994f1fd18c3c594f05c5dd4bc44d8bb0c1c632c8d6829481f"

[[package]]
name = "serde"
version = "1.0.219"
source = "registry+https://github.com/rust-lang/crates.io-index"
checksum = "5f0e2c6ed6606019b4e29e69dbaba95b11854410e5347d525002456dbbb786b6"
dependencies = [
 "serde_derive",
]

[[package]]
name = "serde_derive"
version = "1.0.219"
source = "registry+https://github.com/rust-lang/crates.io-index"
checksum = "5b0276cf7f2c73365f7157c8123c21cd9a50fbbd844757af28ca1f5925fc2a00"
dependencies = [
 "proc-macro2",
 "quote",
 "syn",
]

[[package]]
name = "serde_json"
version = "1.0.140"
source = "registry+https://github.com/rust-lang/crates.io-index"
checksum = "20068b6e96dc6c9bd23e01df8827e6c7e1f2fddd43c21810382803c136b99373"
dependencies = [
 "itoa",
 "memchr",
 "ryu",
 "serde",
]

[[package]]
name = "simd-adler32"
version = "0.3.7"
source = "registry+https://github.com/rust-lang/crates.io-index"
checksum = "d66dc143e6b11c1eddc06d5c423cfc97062865baf299914ab64caa38182078fe"

[[package]]
name = "smallvec"
version = "1.14.0"
source = "registry+https://github.com/rust-lang/crates.io-index"
checksum = "7fcf8323ef1faaee30a44a340193b1ac6814fd9b7b4e88e9d4519a3e4abe1cfd"

[[package]]
name = "syn"
version = "2.0.100"
source = "registry+https://github.com/rust-lang/crates.io-index"
checksum = "b09a44accad81e1ba1cd74a32461ba89dee89095ba17b32f5d03683b1b1fc2a0"
dependencies = [
 "proc-macro2",
 "quote",
 "unicode-ident",
]

[[package]]
name = "toml_datetime"
version = "0.6.8"
source = "registry+https://github.com/rust-lang/crates.io-index"
checksum = "0dd7358ecb8fc2f8d014bf86f6f638ce72ba252a2c3a2572f2a795f1d23efb41"

[[package]]
name = "toml_edit"
version = "0.22.24"
source = "registry+https://github.com/rust-lang/crates.io-index"
checksum = "17b4795ff5edd201c7cd6dca065ae59972ce77d1b80fa0a84d94950ece7d1474"
dependencies = [
 "indexmap",
 "toml_datetime",
 "winnow",
]

[[package]]
name = "unicode-ident"
version = "1.0.18"
source = "registry+https://github.com/rust-lang/crates.io-index"
checksum = "5a5f39404a5da50712a4c1eecf25e90dd62b613502b7e925fd4e4d19b5c96512"

[[package]]
name = "winnow"
version = "0.7.4"
source = "registry+https://github.com/rust-lang/crates.io-index"
checksum = "0e97b544156e9bebe1a0ffbc03484fc1ffe3100cbce3ffb17eac35f7cdd7ab36"
dependencies = [
 "memchr",
]
